
Microsoft Visual Studio Solution File, Format Version 12.00
# Visual Studio Version 17
VisualStudioVersion = 17.9.34728.123
MinimumVisualStudioVersion = 10.0.40219.1
Project("{FAE04EC0-301F-11D3-BF4B-00C04F79EFBC}") = "starting-monkey-to-human-path", "starting-monkey-to-human-path.csproj", "{8D30A8E6-2F42-41CF-BE7E-092C9E692A92}"
EndProject
Global
	GlobalSection(SolutionConfigurationPlatforms) = preSolution
		Debug|Any CPU = Debug|Any CPU
		Release|Any CPU = Release|Any CPU
	EndGlobalSection
	GlobalSection(ProjectConfigurationPlatforms) = postSolution
		{8D30A8E6-2F42-41CF-BE7E-092C9E692A92}.Debug|Any CPU.ActiveCfg = Debug|Any CPU
		{8D30A8E6-2F42-41CF-BE7E-092C9E692A92}.Debug|Any CPU.Build.0 = Debug|Any CPU
		{8D30A8E6-2F42-41CF-BE7E-092C9E692A92}.Release|Any CPU.ActiveCfg = Release|Any CPU
		{8D30A8E6-2F42-41CF-BE7E-092C9E692A92}.Release|Any CPU.Build.0 = Release|Any CPU
	EndGlobalSection
	GlobalSection(SolutionProperties) = preSolution
		HideSolutionNode = FALSE
	EndGlobalSection
	GlobalSection(ExtensibilityGlobals) = postSolution
		SolutionGuid = {88C0D1B2-9EF5-440A-AB5B-AD0C7E4B99AC}
	EndGlobalSection
EndGlobal
